
Microsoft Visual Studio Solution File, Format Version 12.00
# Visual Studio 15
VisualStudioVersion = 15.0.27130.2003
MinimumVisualStudioVersion = 10.0.40219.1
Project("{FAE04EC0-301F-11D3-BF4B-00C04F79EFBC}") = "Calculator", "Calculator\Calculator.csproj", "{3935835F-55EE-445C-996E-275DA28EE62C}"
EndProject
Global
	GlobalSection(SolutionConfigurationPlatforms) = preSolution
		Debug|Any CPU = Debug|Any CPU
		Release|Any CPU = Release|Any CPU
	EndGlobalSection
	GlobalSection(ProjectConfigurationPlatforms) = postSolution
		{3935835F-55EE-445C-996E-275DA28EE62C}.Debug|Any CPU.ActiveCfg = Debug|Any CPU
		{3935835F-55EE-445C-996E-275DA28EE62C}.Debug|Any CPU.Build.0 = Debug|Any CPU
		{3935835F-55EE-445C-996E-275DA28EE62C}.Release|Any CPU.ActiveCfg = Release|Any CPU
		{3935835F-55EE-445C-996E-275DA28EE62C}.Release|Any CPU.Build.0 = Release|Any CPU
	EndGlobalSection
	GlobalSection(SolutionProperties) = preSolution
		HideSolutionNode = FALSE
	EndGlobalSection
	GlobalSection(ExtensibilityGlobals) = postSolution
		SolutionGuid = {B75EE17F-684B-4708-89ED-7599EB1082BA}
	EndGlobalSection
EndGlobal
