
Microsoft Visual Studio Solution File, Format Version 12.00
# Visual Studio 15
VisualStudioVersion = 15.0.27130.2003
MinimumVisualStudioVersion = 10.0.40219.1
Project("{FAE04EC0-301F-11D3-BF4B-00C04F79EFBC}") = "notepad", "notepad\notepad.csproj", "{B52C1508-DC73-4A57-95FF-2A5E9432E487}"
EndProject
Global
	GlobalSection(SolutionConfigurationPlatforms) = preSolution
		Debug|Any CPU = Debug|Any CPU
		Release|Any CPU = Release|Any CPU
	EndGlobalSection
	GlobalSection(ProjectConfigurationPlatforms) = postSolution
		{B52C1508-DC73-4A57-95FF-2A5E9432E487}.Debug|Any CPU.ActiveCfg = Debug|Any CPU
		{B52C1508-DC73-4A57-95FF-2A5E9432E487}.Debug|Any CPU.Build.0 = Debug|Any CPU
		{B52C1508-DC73-4A57-95FF-2A5E9432E487}.Release|Any CPU.ActiveCfg = Release|Any CPU
		{B52C1508-DC73-4A57-95FF-2A5E9432E487}.Release|Any CPU.Build.0 = Release|Any CPU
	EndGlobalSection
	GlobalSection(SolutionProperties) = preSolution
		HideSolutionNode = FALSE
	EndGlobalSection
	GlobalSection(ExtensibilityGlobals) = postSolution
		SolutionGuid = {89CBE745-EA81-4B75-BEF5-BFB6995FC89E}
	EndGlobalSection
EndGlobal
